
Microsoft Visual Studio Solution File, Format Version 12.00
# Visual Studio 15
VisualStudioVersion = 15.0.27703.2035
MinimumVisualStudioVersion = 10.0.40219.1
Project("{FAE04EC0-301F-11D3-BF4B-00C04F79EFBC}") = "Test", "Test\Test.csproj", "{60CB4167-9F92-4DE6-90AE-F70F5E9B35C6}"
EndProject
Global
	GlobalSection(SolutionConfigurationPlatforms) = preSolution
		Debug|Any CPU = Debug|Any CPU
		Release|Any CPU = Release|Any CPU
	EndGlobalSection
	GlobalSection(ProjectConfigurationPlatforms) = postSolution
		{60CB4167-9F92-4DE6-90AE-F70F5E9B35C6}.Debug|Any CPU.ActiveCfg = Debug|Any CPU
		{60CB4167-9F92-4DE6-90AE-F70F5E9B35C6}.Debug|Any CPU.Build.0 = Debug|Any CPU
		{60CB4167-9F92-4DE6-90AE-F70F5E9B35C6}.Release|Any CPU.ActiveCfg = Release|Any CPU
		{60CB4167-9F92-4DE6-90AE-F70F5E9B35C6}.Release|Any CPU.Build.0 = Release|Any CPU
	EndGlobalSection
	GlobalSection(SolutionProperties) = preSolution
		HideSolutionNode = FALSE
	EndGlobalSection
	GlobalSection(ExtensibilityGlobals) = postSolution
		SolutionGuid = {09EF372B-F05B-40CA-AE7D-4D4B45FED95F}
	EndGlobalSection
EndGlobal
